
Microsoft Visual Studio Solution File, Format Version 12.00
# Visual Studio Version 17
VisualStudioVersion = 17.4.33122.133
MinimumVisualStudioVersion = 10.0.40219.1
Project("{2150E333-8FDC-42A3-9474-1A3956D46DE8}") = "Task0", "Task0", "{4921829F-9B2F-4473-9F46-F90E1F069475}"
EndProject
Project("{FAE04EC0-301F-11D3-BF4B-00C04F79EFBC}") = "tyuiu.BredihinLI.Sprint0.Task0.V0", "tyuiu.BredihinLI.Sprint0.Task0.V0\tyuiu.BredihinLI.Sprint0.Task0.V0.csproj", "{6DE831AE-6379-4BEA-8FF6-2B7113F0E2BA}"
EndProject
Global
	GlobalSection(SolutionConfigurationPlatforms) = preSolution
		Debug|Any CPU = Debug|Any CPU
		Release|Any CPU = Release|Any CPU
	EndGlobalSection
	GlobalSection(ProjectConfigurationPlatforms) = postSolution
		{6DE831AE-6379-4BEA-8FF6-2B7113F0E2BA}.Debug|Any CPU.ActiveCfg = Debug|Any CPU
		{6DE831AE-6379-4BEA-8FF6-2B7113F0E2BA}.Debug|Any CPU.Build.0 = Debug|Any CPU
		{6DE831AE-6379-4BEA-8FF6-2B7113F0E2BA}.Release|Any CPU.ActiveCfg = Release|Any CPU
		{6DE831AE-6379-4BEA-8FF6-2B7113F0E2BA}.Release|Any CPU.Build.0 = Release|Any CPU
	EndGlobalSection
	GlobalSection(SolutionProperties) = preSolution
		HideSolutionNode = FALSE
	EndGlobalSection
	GlobalSection(NestedProjects) = preSolution
		{6DE831AE-6379-4BEA-8FF6-2B7113F0E2BA} = {4921829F-9B2F-4473-9F46-F90E1F069475}
	EndGlobalSection
	GlobalSection(ExtensibilityGlobals) = postSolution
		SolutionGuid = {52BCC8AC-29FF-41AE-9E37-DD1EC3186A4C}
	EndGlobalSection
EndGlobal
