
Microsoft Visual Studio Solution File, Format Version 12.00
# Visual Studio Version 17
VisualStudioVersion = 17.4.33122.133
MinimumVisualStudioVersion = 10.0.40219.1
Project("{2150E333-8FDC-42A3-9474-1A3956D46DE8}") = "Task0", "Task0", "{4921829F-9B2F-4473-9F46-F90E1F069475}"
EndProject
Project("{FAE04EC0-301F-11D3-BF4B-00C04F79EFBC}") = "tyuiu.BredihinLI.Sprint0.Task0.V0", "tyuiu.BredihinLI.Sprint0.Task0.V0\tyuiu.BredihinLI.Sprint0.Task0.V0.csproj", "{6DE831AE-6379-4BEA-8FF6-2B7113F0E2BA}"
EndProject
Project("{2150E333-8FDC-42A3-9474-1A3956D46DE8}") = "Task1", "Task1", "{6FCF3FA2-F4FF-4F5D-BF17-C789EC89437D}"
EndProject
Project("{FAE04EC0-301F-11D3-BF4B-00C04F79EFBC}") = "tyuiu.BredihinLI.Sprint0.Task1.V0", "tyuiu.BredihinLI.Sprint0.Task1.V0\tyuiu.BredihinLI.Sprint0.Task1.V0.csproj", "{A830C21F-C653-49E6-B490-216329A5C5C7}"
EndProject
Project("{2150E333-8FDC-42A3-9474-1A3956D46DE8}") = "Task2", "Task2", "{D7AEB568-1063-45D4-A192-57E24FDB1453}"
EndProject
Project("{FAE04EC0-301F-11D3-BF4B-00C04F79EFBC}") = "tyuiu.BredihinLI.Sprint0.Task2.V0", "tyuiu.BredihinLI.Sprint0.Task2.V0\tyuiu.BredihinLI.Sprint0.Task2.V0.csproj", "{AC207B61-87EA-4B53-A7AD-FCFB6E49102B}"
EndProject
Project("{FAE04EC0-301F-11D3-BF4B-00C04F79EFBC}") = "tyuiu.BredihinLI.Sprint0.Task2.V0.Lib", "tyuiu.BredihinLI.Sprint0.Task2.V0.Lib\tyuiu.BredihinLI.Sprint0.Task2.V0.Lib.csproj", "{9182C38C-0D3A-4F1E-9222-879C684CC947}"
EndProject
Project("{FAE04EC0-301F-11D3-BF4B-00C04F79EFBC}") = "tyuiu.BredihinLI.Sprint0.Task2.V0.Test", "tyuiu.BredihinLI.Sprint0.Task2.V0.Test\tyuiu.BredihinLI.Sprint0.Task2.V0.Test.csproj", "{AD81F25C-792D-4265-9C10-1762D435168B}"
EndProject
Project("{2150E333-8FDC-42A3-9474-1A3956D46DE8}") = "Task3", "Task3", "{BF78BF72-F910-4D0B-A803-8007D5CA6105}"
EndProject
Project("{FAE04EC0-301F-11D3-BF4B-00C04F79EFBC}") = "tyuiu.BredihinLI.Sprint0.Task3.V0", "tyuiu.BredihinLI.Sprint0.Task3.V0\tyuiu.BredihinLI.Sprint0.Task3.V0.csproj", "{273CAFAF-7001-4B2A-BB92-322402657E04}"
EndProject
Project("{FAE04EC0-301F-11D3-BF4B-00C04F79EFBC}") = "tyuiu.BredihinLI.Sprint0.Task3.V0.Lib", "tyuiu.BredihinLI.Sprint0.Task3.V0.Lib\tyuiu.BredihinLI.Sprint0.Task3.V0.Lib.csproj", "{2076BCF9-B73B-4385-9EE2-DA223E5A722D}"
EndProject
Project("{FAE04EC0-301F-11D3-BF4B-00C04F79EFBC}") = "tyuiu.BredihinLI.Sprint0.Task3.V0.Test", "tyuiu.BredihinLI.Sprint0.Task3.V0.Test\tyuiu.BredihinLI.Sprint0.Task3.V0.Test.csproj", "{3E00A7CB-1FD0-44DE-9B36-2DBFF282E291}"
EndProject
Project("{2150E333-8FDC-42A3-9474-1A3956D46DE8}") = "Task4", "Task4", "{E25C926B-03A0-4C2A-A6E3-CB476A9E2928}"
EndProject
Project("{FAE04EC0-301F-11D3-BF4B-00C04F79EFBC}") = "tyuiu.BredihinLI.Sprint0.Task4.V0", "tyuiu.BredihinLI.Sprint0.Task4.V0\tyuiu.BredihinLI.Sprint0.Task4.V0.csproj", "{A18BD756-8107-4623-84E6-CC5C32C505A1}"
EndProject
Project("{FAE04EC0-301F-11D3-BF4B-00C04F79EFBC}") = "tyuiu.BredihinLI.Sprint0.Task4.V0.Lib", "tyuiu.BredihinLI.Sprint0.Task4.V0.Lib\tyuiu.BredihinLI.Sprint0.Task4.V0.Lib.csproj", "{321A3958-7364-49EC-A175-7141F03509B6}"
EndProject
Project("{FAE04EC0-301F-11D3-BF4B-00C04F79EFBC}") = "tyuiu.BredihinLI.Sprint0.Task4.V0.Test", "tyuiu.BredihinLI.Sprint0.Task4.V0.Test\tyuiu.BredihinLI.Sprint0.Task4.V0.Test.csproj", "{FCE2F887-DC4D-474A-B43D-54B54F32DEEF}"
EndProject
Project("{2150E333-8FDC-42A3-9474-1A3956D46DE8}") = "Task5", "Task5", "{00C378A6-2EC3-4676-B288-FEFE83BE3EFA}"
EndProject
Project("{FAE04EC0-301F-11D3-BF4B-00C04F79EFBC}") = "tyuiu.BredihinLI.Sprint0.Task5.V0", "tyuiu.BredihinLI.Sprint0.Task5.V0\tyuiu.BredihinLI.Sprint0.Task5.V0.csproj", "{58171F59-CB82-4BD7-B240-08F6883812FE}"
EndProject
Project("{FAE04EC0-301F-11D3-BF4B-00C04F79EFBC}") = "tyuiu.BredihinLI.Sprint0.Task5.V0.Lib", "tyuiu.BredihinLI.Sprint0.Task5.V0.Lib\tyuiu.BredihinLI.Sprint0.Task5.V0.Lib.csproj", "{1A496EC1-D59B-4D3D-A59C-701CBBAF38BC}"
EndProject
Project("{FAE04EC0-301F-11D3-BF4B-00C04F79EFBC}") = "tyuiu.BredihinLI.Sprint0.Task5.V0.Test", "tyuiu.BredihinLI.Sprint0.Task5.V0.Test\tyuiu.BredihinLI.Sprint0.Task5.V0.Test.csproj", "{AE266E26-DA42-4BF2-83BA-34AAF495C236}"
EndProject
Global
	GlobalSection(SolutionConfigurationPlatforms) = preSolution
		Debug|Any CPU = Debug|Any CPU
		Release|Any CPU = Release|Any CPU
	EndGlobalSection
	GlobalSection(ProjectConfigurationPlatforms) = postSolution
		{6DE831AE-6379-4BEA-8FF6-2B7113F0E2BA}.Debug|Any CPU.ActiveCfg = Debug|Any CPU
		{6DE831AE-6379-4BEA-8FF6-2B7113F0E2BA}.Debug|Any CPU.Build.0 = Debug|Any CPU
		{6DE831AE-6379-4BEA-8FF6-2B7113F0E2BA}.Release|Any CPU.ActiveCfg = Release|Any CPU
		{6DE831AE-6379-4BEA-8FF6-2B7113F0E2BA}.Release|Any CPU.Build.0 = Release|Any CPU
		{A830C21F-C653-49E6-B490-216329A5C5C7}.Debug|Any CPU.ActiveCfg = Debug|Any CPU
		{A830C21F-C653-49E6-B490-216329A5C5C7}.Debug|Any CPU.Build.0 = Debug|Any CPU
		{A830C21F-C653-49E6-B490-216329A5C5C7}.Release|Any CPU.ActiveCfg = Release|Any CPU
		{A830C21F-C653-49E6-B490-216329A5C5C7}.Release|Any CPU.Build.0 = Release|Any CPU
		{AC207B61-87EA-4B53-A7AD-FCFB6E49102B}.Debug|Any CPU.ActiveCfg = Debug|Any CPU
		{AC207B61-87EA-4B53-A7AD-FCFB6E49102B}.Debug|Any CPU.Build.0 = Debug|Any CPU
		{AC207B61-87EA-4B53-A7AD-FCFB6E49102B}.Release|Any CPU.ActiveCfg = Release|Any CPU
		{AC207B61-87EA-4B53-A7AD-FCFB6E49102B}.Release|Any CPU.Build.0 = Release|Any CPU
		{9182C38C-0D3A-4F1E-9222-879C684CC947}.Debug|Any CPU.ActiveCfg = Debug|Any CPU
		{9182C38C-0D3A-4F1E-9222-879C684CC947}.Debug|Any CPU.Build.0 = Debug|Any CPU
		{9182C38C-0D3A-4F1E-9222-879C684CC947}.Release|Any CPU.ActiveCfg = Release|Any CPU
		{9182C38C-0D3A-4F1E-9222-879C684CC947}.Release|Any CPU.Build.0 = Release|Any CPU
		{AD81F25C-792D-4265-9C10-1762D435168B}.Debug|Any CPU.ActiveCfg = Debug|Any CPU
		{AD81F25C-792D-4265-9C10-1762D435168B}.Debug|Any CPU.Build.0 = Debug|Any CPU
		{AD81F25C-792D-4265-9C10-1762D435168B}.Release|Any CPU.ActiveCfg = Release|Any CPU
		{AD81F25C-792D-4265-9C10-1762D435168B}.Release|Any CPU.Build.0 = Release|Any CPU
		{273CAFAF-7001-4B2A-BB92-322402657E04}.Debug|Any CPU.ActiveCfg = Debug|Any CPU
		{273CAFAF-7001-4B2A-BB92-322402657E04}.Debug|Any CPU.Build.0 = Debug|Any CPU
		{273CAFAF-7001-4B2A-BB92-322402657E04}.Release|Any CPU.ActiveCfg = Release|Any CPU
		{273CAFAF-7001-4B2A-BB92-322402657E04}.Release|Any CPU.Build.0 = Release|Any CPU
		{2076BCF9-B73B-4385-9EE2-DA223E5A722D}.Debug|Any CPU.ActiveCfg = Debug|Any CPU
		{2076BCF9-B73B-4385-9EE2-DA223E5A722D}.Debug|Any CPU.Build.0 = Debug|Any CPU
		{2076BCF9-B73B-4385-9EE2-DA223E5A722D}.Release|Any CPU.ActiveCfg = Release|Any CPU
		{2076BCF9-B73B-4385-9EE2-DA223E5A722D}.Release|Any CPU.Build.0 = Release|Any CPU
		{3E00A7CB-1FD0-44DE-9B36-2DBFF282E291}.Debug|Any CPU.ActiveCfg = Debug|Any CPU
		{3E00A7CB-1FD0-44DE-9B36-2DBFF282E291}.Debug|Any CPU.Build.0 = Debug|Any CPU
		{3E00A7CB-1FD0-44DE-9B36-2DBFF282E291}.Release|Any CPU.ActiveCfg = Release|Any CPU
		{3E00A7CB-1FD0-44DE-9B36-2DBFF282E291}.Release|Any CPU.Build.0 = Release|Any CPU
		{A18BD756-8107-4623-84E6-CC5C32C505A1}.Debug|Any CPU.ActiveCfg = Debug|Any CPU
		{A18BD756-8107-4623-84E6-CC5C32C505A1}.Debug|Any CPU.Build.0 = Debug|Any CPU
		{A18BD756-8107-4623-84E6-CC5C32C505A1}.Release|Any CPU.ActiveCfg = Release|Any CPU
		{A18BD756-8107-4623-84E6-CC5C32C505A1}.Release|Any CPU.Build.0 = Release|Any CPU
		{321A3958-7364-49EC-A175-7141F03509B6}.Debug|Any CPU.ActiveCfg = Debug|Any CPU
		{321A3958-7364-49EC-A175-7141F03509B6}.Debug|Any CPU.Build.0 = Debug|Any CPU
		{321A3958-7364-49EC-A175-7141F03509B6}.Release|Any CPU.ActiveCfg = Release|Any CPU
		{321A3958-7364-49EC-A175-7141F03509B6}.Release|Any CPU.Build.0 = Release|Any CPU
		{FCE2F887-DC4D-474A-B43D-54B54F32DEEF}.Debug|Any CPU.ActiveCfg = Debug|Any CPU
		{FCE2F887-DC4D-474A-B43D-54B54F32DEEF}.Debug|Any CPU.Build.0 = Debug|Any CPU
		{FCE2F887-DC4D-474A-B43D-54B54F32DEEF}.Release|Any CPU.ActiveCfg = Release|Any CPU
		{FCE2F887-DC4D-474A-B43D-54B54F32DEEF}.Release|Any CPU.Build.0 = Release|Any CPU
		{58171F59-CB82-4BD7-B240-08F6883812FE}.Debug|Any CPU.ActiveCfg = Debug|Any CPU
		{58171F59-CB82-4BD7-B240-08F6883812FE}.Debug|Any CPU.Build.0 = Debug|Any CPU
		{58171F59-CB82-4BD7-B240-08F6883812FE}.Release|Any CPU.ActiveCfg = Release|Any CPU
		{58171F59-CB82-4BD7-B240-08F6883812FE}.Release|Any CPU.Build.0 = Release|Any CPU
		{1A496EC1-D59B-4D3D-A59C-701CBBAF38BC}.Debug|Any CPU.ActiveCfg = Debug|Any CPU
		{1A496EC1-D59B-4D3D-A59C-701CBBAF38BC}.Debug|Any CPU.Build.0 = Debug|Any CPU
		{1A496EC1-D59B-4D3D-A59C-701CBBAF38BC}.Release|Any CPU.ActiveCfg = Release|Any CPU
		{1A496EC1-D59B-4D3D-A59C-701CBBAF38BC}.Release|Any CPU.Build.0 = Release|Any CPU
		{AE266E26-DA42-4BF2-83BA-34AAF495C236}.Debug|Any CPU.ActiveCfg = Debug|Any CPU
		{AE266E26-DA42-4BF2-83BA-34AAF495C236}.Debug|Any CPU.Build.0 = Debug|Any CPU
		{AE266E26-DA42-4BF2-83BA-34AAF495C236}.Release|Any CPU.ActiveCfg = Release|Any CPU
		{AE266E26-DA42-4BF2-83BA-34AAF495C236}.Release|Any CPU.Build.0 = Release|Any CPU
	EndGlobalSection
	GlobalSection(SolutionProperties) = preSolution
		HideSolutionNode = FALSE
	EndGlobalSection
	GlobalSection(NestedProjects) = preSolution
		{6DE831AE-6379-4BEA-8FF6-2B7113F0E2BA} = {4921829F-9B2F-4473-9F46-F90E1F069475}
		{A830C21F-C653-49E6-B490-216329A5C5C7} = {6FCF3FA2-F4FF-4F5D-BF17-C789EC89437D}
		{AC207B61-87EA-4B53-A7AD-FCFB6E49102B} = {D7AEB568-1063-45D4-A192-57E24FDB1453}
		{9182C38C-0D3A-4F1E-9222-879C684CC947} = {D7AEB568-1063-45D4-A192-57E24FDB1453}
		{AD81F25C-792D-4265-9C10-1762D435168B} = {D7AEB568-1063-45D4-A192-57E24FDB1453}
		{273CAFAF-7001-4B2A-BB92-322402657E04} = {BF78BF72-F910-4D0B-A803-8007D5CA6105}
		{2076BCF9-B73B-4385-9EE2-DA223E5A722D} = {BF78BF72-F910-4D0B-A803-8007D5CA6105}
		{3E00A7CB-1FD0-44DE-9B36-2DBFF282E291} = {BF78BF72-F910-4D0B-A803-8007D5CA6105}
		{A18BD756-8107-4623-84E6-CC5C32C505A1} = {E25C926B-03A0-4C2A-A6E3-CB476A9E2928}
		{321A3958-7364-49EC-A175-7141F03509B6} = {E25C926B-03A0-4C2A-A6E3-CB476A9E2928}
		{FCE2F887-DC4D-474A-B43D-54B54F32DEEF} = {E25C926B-03A0-4C2A-A6E3-CB476A9E2928}
		{58171F59-CB82-4BD7-B240-08F6883812FE} = {00C378A6-2EC3-4676-B288-FEFE83BE3EFA}
		{1A496EC1-D59B-4D3D-A59C-701CBBAF38BC} = {00C378A6-2EC3-4676-B288-FEFE83BE3EFA}
		{AE266E26-DA42-4BF2-83BA-34AAF495C236} = {00C378A6-2EC3-4676-B288-FEFE83BE3EFA}
	EndGlobalSection
	GlobalSection(ExtensibilityGlobals) = postSolution
		SolutionGuid = {52BCC8AC-29FF-41AE-9E37-DD1EC3186A4C}
	EndGlobalSection
EndGlobal
